// !$*UTF8*$!
{
	archiveVersion = 1;
	classes = {
	};
	objectVersion = 77;
	objects = {

/* Begin PBXContainerItemProxy section */
		3D5F82802DC8D8FC0082B233 /* PBXContainerItemProxy */ = {
			isa = PBXContainerItemProxy;
			containerPortal = 3D5F82652DC8D8FC0082B233 /* Project object */;
			proxyType = 1;
			remoteGlobalIDString = 3D5F826C2DC8D8FC0082B233;
			remoteInfo = FinanceApp;
		};
		3D5F828A2DC8D8FC0082B233 /* PBXContainerItemProxy */ = {
			isa = PBXContainerItemProxy;
			containerPortal = 3D5F82652DC8D8FC0082B233 /* Project object */;
			proxyType = 1;
			remoteGlobalIDString = 3D5F826C2DC8D8FC0082B233;
			remoteInfo = FinanceApp;
		};
/* End PBXContainerItemProxy section */

/* Begin PBXFileReference section */
		3D5F826D2DC8D8FC0082B233 /* FinanceApp.app */ = {isa = PBXFileReference; explicitFileType = wrapper.application; includeInIndex = 0; path = FinanceApp.app; sourceTree = BUILT_PRODUCTS_DIR; };
		3D5F827F2DC8D8FC0082B233 /* FinanceAppTests.xctest */ = {isa = PBXFileReference; explicitFileType = wrapper.cfbundle; includeInIndex = 0; path = FinanceAppTests.xctest; sourceTree = BUILT_PRODUCTS_DIR; };
		3D5F82892DC8D8FC0082B233 /* FinanceAppUITests.xctest */ = {isa = PBXFileReference; explicitFileType = wrapper.cfbundle; includeInIndex = 0; path = FinanceAppUITests.xctest; sourceTree = BUILT_PRODUCTS_DIR; };
		3D5F82A82DC8D9750082B233 /* FinanceApp.xcodeproj */ = {isa = PBXFileReference; lastKnownFileType = "wrapper.pb-project"; path = FinanceApp.xcodeproj; sourceTree = "<group>"; };
/* End PBXFileReference section */

/* Begin PBXFileSystemSynchronizedBuildFileExceptionSet section */
		3D5F82F92DC8DA550082B233 /* Exceptions for "FinanceApp" folder in "FinanceApp" target */ = {
			isa = PBXFileSystemSynchronizedBuildFileExceptionSet;
			membershipExceptions = (
				ContentView.swift,
				Item.swift,
			);
			target = 3D5F826C2DC8D8FC0082B233 /* FinanceApp */;
		};
/* End PBXFileSystemSynchronizedBuildFileExceptionSet section */

/* Begin PBXFileSystemSynchronizedRootGroup section */
		3D5F826F2DC8D8FC0082B233 /* FinanceApp */ = {
			isa = PBXFileSystemSynchronizedRootGroup;
			exceptions = (
				3D5F82F92DC8DA550082B233 /* Exceptions for "FinanceApp" folder in "FinanceApp" target */,
			);
			path = FinanceApp;
			sourceTree = "<group>";
		};
		3D5F82822DC8D8FC0082B233 /* FinanceAppTests */ = {
			isa = PBXFileSystemSynchronizedRootGroup;
			path = FinanceAppTests;
			sourceTree = "<group>";
		};
		3D5F828C2DC8D8FC0082B233 /* FinanceAppUITests */ = {
			isa = PBXFileSystemSynchronizedRootGroup;
			path = FinanceAppUITests;
			sourceTree = "<group>";
		};
/* End PBXFileSystemSynchronizedRootGroup section */

/* Begin PBXFrameworksBuildPhase section */
		3D5F826A2DC8D8FC0082B233 /* Frameworks */ = {
			isa = PBXFrameworksBuildPhase;
			buildActionMask = 2147483647;
			files = (
			);
			runOnlyForDeploymentPostprocessing = 0;
		};
		3D5F827C2DC8D8FC0082B233 /* Frameworks */ = {
			isa = PBXFrameworksBuildPhase;
			buildActionMask = 2147483647;
			files = (
			);
			runOnlyForDeploymentPostprocessing = 0;
		};
		3D5F82862DC8D8FC0082B233 /* Frameworks */ = {
			isa = PBXFrameworksBuildPhase;
			buildActionMask = 2147483647;
			files = (
			);
			runOnlyForDeploymentPostprocessing = 0;
		};
/* End PBXFrameworksBuildPhase section */

/* Begin PBXGroup section */
		3D5F82642DC8D8FC0082B233 = {
			isa = PBXGroup;
			children = (
				3D5F826F2DC8D8FC0082B233 /* FinanceApp */,
				3D5F82822DC8D8FC0082B233 /* FinanceAppTests */,
				3D5F828C2DC8D8FC0082B233 /* FinanceAppUITests */,
				3D5F826E2DC8D8FC0082B233 /* Products */,
			);
			sourceTree = "<group>";
		};
		3D5F826E2DC8D8FC0082B233 /* Products */ = {
			isa = PBXGroup;
			children = (
				3D5F826D2DC8D8FC0082B233 /* FinanceApp.app */,
				3D5F827F2DC8D8FC0082B233 /* FinanceAppTests.xctest */,
				3D5F82892DC8D8FC0082B233 /* FinanceAppUITests.xctest */,
			);
			name = Products;
			sourceTree = "<group>";
		};
		3D5F82C22DC8D9750082B233 /* Products */ = {
			isa = PBXGroup;
			children = (
			);
			name = Products;
			sourceTree = "<group>";
		};
/* End PBXGroup section */

/* Begin PBXNativeTarget section */
		3D5F826C2DC8D8FC0082B233 /* FinanceApp */ = {
			isa = PBXNativeTarget;
			buildConfigurationList = 3D5F82932DC8D8FC0082B233 /* Build configuration list for PBXNativeTarget "FinanceApp" */;
			buildPhases = (
				3D5F82692DC8D8FC0082B233 /* Sources */,
				3D5F826A2DC8D8FC0082B233 /* Frameworks */,
				3D5F826B2DC8D8FC0082B233 /* Resources */,
			);
			buildRules = (
			);
			dependencies = (
			);
			fileSystemSynchronizedGroups = (
				3D5F826F2DC8D8FC0082B233 /* FinanceApp */,
			);
			name = FinanceApp;
			packageProductDependencies = (
			);
			productName = FinanceApp;
			productReference = 3D5F826D2DC8D8FC0082B233 /* FinanceApp.app */;
			productType = "com.apple.product-type.application";
		};
		3D5F827E2DC8D8FC0082B233 /* FinanceAppTests */ = {
			isa = PBXNativeTarget;
			buildConfigurationList = 3D5F82962DC8D8FC0082B233 /* Build configuration list for PBXNativeTarget "FinanceAppTests" */;
			buildPhases = (
				3D5F827B2DC8D8FC0082B233 /* Sources */,
				3D5F827C2DC8D8FC0082B233 /* Frameworks */,
				3D5F827D2DC8D8FC0082B233 /* Resources */,
			);
			buildRules = (
			);
			dependencies = (
				3D5F82812DC8D8FC0082B233 /* PBXTargetDependency */,
			);
			fileSystemSynchronizedGroups = (
				3D5F82822DC8D8FC0082B233 /* FinanceAppTests */,
			);
			name = FinanceAppTests;
			packageProductDependencies = (
			);
			productName = FinanceAppTests;
			productReference = 3D5F827F2DC8D8FC0082B233 /* FinanceAppTests.xctest */;
			productType = "com.apple.product-type.bundle.unit-test";
		};
		3D5F82882DC8D8FC0082B233 /* FinanceAppUITests */ = {
			isa = PBXNativeTarget;
			buildConfigurationList = 3D5F82992DC8D8FC0082B233 /* Build configuration list for PBXNativeTarget "FinanceAppUITests" */;
			buildPhases = (
				3D5F82852DC8D8FC0082B233 /* Sources */,
				3D5F82862DC8D8FC0082B233 /* Frameworks */,
				3D5F82872DC8D8FC0082B233 /* Resources */,
			);
			buildRules = (
			);
			dependencies = (
				3D5F828B2DC8D8FC0082B233 /* PBXTargetDependency */,
			);
			fileSystemSynchronizedGroups = (
				3D5F828C2DC8D8FC0082B233 /* FinanceAppUITests */,
			);
			name = FinanceAppUITests;
			packageProductDependencies = (
			);
			productName = FinanceAppUITests;
			productReference = 3D5F82892DC8D8FC0082B233 /* FinanceAppUITests.xctest */;
			productType = "com.apple.product-type.bundle.ui-testing";
		};
/* End PBXNativeTarget section */

/* Begin PBXProject section */
		3D5F82652DC8D8FC0082B233 /* Project object */ = {
			isa = PBXProject;
			attributes = {
				BuildIndependentTargetsInParallel = 1;
				LastSwiftUpdateCheck = 1620;
				LastUpgradeCheck = 1620;
				TargetAttributes = {
					3D5F826C2DC8D8FC0082B233 = {
						CreatedOnToolsVersion = 16.2;
					};
					3D5F827E2DC8D8FC0082B233 = {
						CreatedOnToolsVersion = 16.2;
						TestTargetID = 3D5F826C2DC8D8FC0082B233;
					};
					3D5F82882DC8D8FC0082B233 = {
						CreatedOnToolsVersion = 16.2;
						TestTargetID = 3D5F826C2DC8D8FC0082B233;
					};
				};
			};
			buildConfigurationList = 3D5F82682DC8D8FC0082B233 /* Build configuration list for PBXProject "FinanceApp" */;
			developmentRegion = en;
			hasScannedForEncodings = 0;
			knownRegions = (
				en,
				Base,
			);
			mainGroup = 3D5F82642DC8D8FC0082B233;
			minimizedProjectReferenceProxies = 1;
			preferredProjectObjectVersion = 77;
			productRefGroup = 3D5F826E2DC8D8FC0082B233 /* Products */;
			projectDirPath = "";
			projectReferences = (
				{
					ProductGroup = 3D5F82C22DC8D9750082B233 /* Products */;
					ProjectRef = 3D5F82A82DC8D9750082B233 /* FinanceApp.xcodeproj */;
				},
			);
			projectRoot = "";
			targets = (
				3D5F826C2DC8D8FC0082B233 /* FinanceApp */,
				3D5F827E2DC8D8FC0082B233 /* FinanceAppTests */,
				3D5F82882DC8D8FC0082B233 /* FinanceAppUITests */,
			);
		};
/* End PBXProject section */

/* Begin PBXResourcesBuildPhase section */
		3D5F826B2DC8D8FC0082B233 /* Resources */ = {
			isa = PBXResourcesBuildPhase;
			buildActionMask = 2147483647;
			files = (
			);
			runOnlyForDeploymentPostprocessing = 0;
		};
		3D5F827D2DC8D8FC0082B233 /* Resources */ = {
			isa = PBXResourcesBuildPhase;
			buildActionMask = 2147483647;
			files = (
			);
			runOnlyForDeploymentPostprocessing = 0;
		};
		3D5F82872DC8D8FC0082B233 /* Resources */ = {
			isa = PBXResourcesBuildPhase;
			buildActionMask = 2147483647;
			files = (
			);
			runOnlyForDeploymentPostprocessing = 0;
		};
/* End PBXResourcesBuildPhase section */

/* Begin PBXSourcesBuildPhase section */
		3D5F82692DC8D8FC0082B233 /* Sources */ = {
			isa = PBXSourcesBuildPhase;
			buildActionMask = 2147483647;
			files = (
			);
			runOnlyForDeploymentPostprocessing = 0;
		};
		3D5F827B2DC8D8FC0082B233 /* Sources */ = {
			isa = PBXSourcesBuildPhase;
			buildActionMask = 2147483647;
			files = (
			);
			runOnlyForDeploymentPostprocessing = 0;
		};
		3D5F82852DC8D8FC0082B233 /* Sources */ = {
			isa = PBXSourcesBuildPhase;
			buildActionMask = 2147483647;
			files = (
			);
			runOnlyForDeploymentPostprocessing = 0;
		};
/* End PBXSourcesBuildPhase section */

/* Begin PBXTargetDependency section */
		3D5F82812DC8D8FC0082B233 /* PBXTargetDependency */ = {
			isa = PBXTargetDependency;
			target = 3D5F826C2DC8D8FC0082B233 /* FinanceApp */;
			targetProxy = 3D5F82802DC8D8FC0082B233 /* PBXContainerItemProxy */;
		};
		3D5F828B2DC8D8FC0082B233 /* PBXTargetDependency */ = {
			isa = PBXTargetDependency;
			target = 3D5F826C2DC8D8FC0082B233 /* FinanceApp */;
			targetProxy = 3D5F828A2DC8D8FC0082B233 /* PBXContainerItemProxy */;
		};
/* End PBXTargetDependency section */

/* Begin XCBuildConfiguration section */
		3D5F82912DC8D8FC0082B233 /* Debug */ = {
			isa = XCBuildConfiguration;
			buildSettings = {
				ALWAYS_SEARCH_USER_PATHS = NO;
				ASSETCATALOG_COMPILER_GENERATE_SWIFT_ASSET_SYMBOL_EXTENSIONS = YES;
				CLANG_ANALYZER_NONNULL = YES;
				CLANG_ANALYZER_NUMBER_OBJECT_CONVERSION = YES_AGGRESSIVE;
				CLANG_CXX_LANGUAGE_STANDARD = "gnu++20";
				CLANG_ENABLE_MODULES = YES;
				CLANG_ENABLE_OBJC_ARC = YES;
				CLANG_ENABLE_OBJC_WEAK = YES;
				CLANG_WARN_BLOCK_CAPTURE_AUTORELEASING = YES;
				CLANG_WARN_BOOL_CONVERSION = YES;
				CLANG_WARN_COMMA = YES;
				CLANG_WARN_CONSTANT_CONVERSION = YES;
				CLANG_WARN_DEPRECATED_OBJC_IMPLEMENTATIONS = YES;
				CLANG_WARN_DIRECT_OBJC_ISA_USAGE = YES_ERROR;
				CLANG_WARN_DOCUMENTATION_COMMENTS = YES;
				CLANG_WARN_EMPTY_BODY = YES;
				CLANG_WARN_ENUM_CONVERSION = YES;
				CLANG_WARN_INFINITE_RECURSION = YES;
				CLANG_WARN_INT_CONVERSION = YES;
				CLANG_WARN_NON_LITERAL_NULL_CONVERSION = YES;
				CLANG_WARN_OBJC_IMPLICIT_RETAIN_SELF = YES;
				CLANG_WARN_OBJC_LITERAL_CONVERSION = YES;
				CLANG_WARN_OBJC_ROOT_CLASS = YES_ERROR;
				CLANG_WARN_QUOTED_INCLUDE_IN_FRAMEWORK_HEADER = YES;
				CLANG_WARN_RANGE_LOOP_ANALYSIS = YES;
				CLANG_WARN_STRICT_PROTOTYPES = YES;
				CLANG_WARN_SUSPICIOUS_MOVE = YES;
				CLANG_WARN_UNGUARDED_AVAILABILITY = YES_AGGRESSIVE;
				CLANG_WARN_UNREACHABLE_CODE = YES;
				CLANG_WARN__DUPLICATE_METHOD_MATCH = YES;
				COPY_PHASE_STRIP = NO;
				DEBUG_INFORMATION_FORMAT = dwarf;
				ENABLE_STRICT_OBJC_MSGSEND = YES;
				ENABLE_TESTABILITY = YES;
				ENABLE_USER_SCRIPT_SANDBOXING = YES;
				GCC_C_LANGUAGE_STANDARD = gnu17;
				GCC_DYNAMIC_NO_PIC = NO;
				GCC_NO_COMMON_BLOCKS = YES;
				GCC_OPTIMIZATION_LEVEL = 0;
				GCC_PREPROCESSOR_DEFINITIONS = (
					"DEBUG=1",
					"$(inherited)",
				);
				GCC_WARN_64_TO_32_BIT_CONVERSION = YES;
				GCC_WARN_ABOUT_RETURN_TYPE = YES_ERROR;
				GCC_WARN_UNDECLARED_SELECTOR = YES;
				GCC_WARN_UNINITIALIZED_AUTOS = YES_AGGRESSIVE;
				GCC_WARN_UNUSED_FUNCTION = YES;
				GCC_WARN_UNUSED_VARIABLE = YES;
				IPHONEOS_DEPLOYMENT_TARGET = 18.2;
				LOCALIZATION_PREFERS_STRING_CATALOGS = YES;
				MTL_ENABLE_DEBUG_INFO = INCLUDE_SOURCE;
				MTL_FAST_MATH = YES;
				ONLY_ACTIVE_ARCH = YES;
				SDKROOT = iphoneos;
				SWIFT_ACTIVE_COMPILATION_CONDITIONS = "DEBUG $(inherited)";
				SWIFT_OPTIMIZATION_LEVEL = "-Onone";
			};
			name = Debug;
		};
		3D5F82922DC8D8FC0082B233 /* Release */ = {
			isa = XCBuildConfiguration;
			buildSettings = {
				ALWAYS_SEARCH_USER_PATHS = NO;
				ASSETCATALOG_COMPILER_GENERATE_SWIFT_ASSET_SYMBOL_EXTENSIONS = YES;
				CLANG_ANALYZER_NONNULL = YES;
				CLANG_ANALYZER_NUMBER_OBJECT_CONVERSION = YES_AGGRESSIVE;
				CLANG_CXX_LANGUAGE_STANDARD = "gnu++20";
				CLANG_ENABLE_MODULES = YES;
				CLANG_ENABLE_OBJC_ARC = YES;
				CLANG_ENABLE_OBJC_WEAK = YES;
				CLANG_WARN_BLOCK_CAPTURE_AUTORELEASING = YES;
				CLANG_WARN_BOOL_CONVERSION = YES;
				CLANG_WARN_COMMA = YES;
				CLANG_WARN_CONSTANT_CONVERSION = YES;
				CLANG_WARN_DEPRECATED_OBJC_IMPLEMENTATIONS = YES;
				CLANG_WARN_DIRECT_OBJC_ISA_USAGE = YES_ERROR;
				CLANG_WARN_DOCUMENTATION_COMMENTS = YES;
				CLANG_WARN_EMPTY_BODY = YES;
				CLANG_WARN_ENUM_CONVERSION = YES;
				CLANG_WARN_INFINITE_RECURSION = YES;
				CLANG_WARN_INT_CONVERSION = YES;
				CLANG_WARN_NON_LITERAL_NULL_CONVERSION = YES;
				CLANG_WARN_OBJC_IMPLICIT_RETAIN_SELF = YES;
				CLANG_WARN_OBJC_LITERAL_CONVERSION = YES;
				CLANG_WARN_OBJC_ROOT_CLASS = YES_ERROR;
				CLANG_WARN_QUOTED_INCLUDE_IN_FRAMEWORK_HEADER = YES;
				CLANG_WARN_RANGE_LOOP_ANALYSIS = YES;
				CLANG_WARN_STRICT_PROTOTYPES = YES;
				CLANG_WARN_SUSPICIOUS_MOVE = YES;
				CLANG_WARN_UNGUARDED_AVAILABILITY = YES_AGGRESSIVE;
				CLANG_WARN_UNREACHABLE_CODE = YES;
				CLANG_WARN__DUPLICATE_METHOD_MATCH = YES;
				COPY_PHASE_STRIP = NO;
				DEBUG_INFORMATION_FORMAT = "dwarf-with-dsym";
				ENABLE_NS_ASSERTIONS = NO;
				ENABLE_STRICT_OBJC_MSGSEND = YES;
				ENABLE_USER_SCRIPT_SANDBOXING = YES;
				GCC_C_LANGUAGE_STANDARD = gnu17;
				GCC_NO_COMMON_BLOCKS = YES;
				GCC_WARN_64_TO_32_BIT_CONVERSION = YES;
				GCC_WARN_ABOUT_RETURN_TYPE = YES_ERROR;
				GCC_WARN_UNDECLARED_SELECTOR = YES;
				GCC_WARN_UNINITIALIZED_AUTOS = YES_AGGRESSIVE;
				GCC_WARN_UNUSED_FUNCTION = YES;
				GCC_WARN_UNUSED_VARIABLE = YES;
				IPHONEOS_DEPLOYMENT_TARGET = 18.2;
				LOCALIZATION_PREFERS_STRING_CATALOGS = YES;
				MTL_ENABLE_DEBUG_INFO = NO;
				MTL_FAST_MATH = YES;
				SDKROOT = iphoneos;
				SWIFT_COMPILATION_MODE = wholemodule;
				VALIDATE_PRODUCT = YES;
			};
			name = Release;
		};
		3D5F82942DC8D8FC0082B233 /* Debug */ = {
			isa = XCBuildConfiguration;
			buildSettings = {
				ASSETCATALOG_COMPILER_APPICON_NAME = AppIcon;
				ASSETCATALOG_COMPILER_GLOBAL_ACCENT_COLOR_NAME = AccentColor;
				CODE_SIGN_STYLE = Automatic;
				CURRENT_PROJECT_VERSION = 1;
				DEVELOPMENT_ASSET_PATHS = "\"FinanceApp/Preview Content\"";
				DEVELOPMENT_TEAM = 84ZJZTFURV;
				ENABLE_PREVIEWS = YES;
				GENERATE_INFOPLIST_FILE = YES;
				INFOPLIST_KEY_UIApplicationSceneManifest_Generation = YES;
				INFOPLIST_KEY_UIApplicationSupportsIndirectInputEvents = YES;
				INFOPLIST_KEY_UILaunchScreen_Generation = YES;
				INFOPLIST_KEY_UISupportedInterfaceOrientations_iPad = "UIInterfaceOrientationPortrait UIInterfaceOrientationPortraitUpsideDown UIInterfaceOrientationLandscapeLeft UIInterfaceOrientationLandscapeRight";
				INFOPLIST_KEY_UISupportedInterfaceOrientations_iPhone = "UIInterfaceOrientationPortrait UIInterfaceOrientationLandscapeLeft UIInterfaceOrientationLandscapeRight";
				LD_RUNPATH_SEARCH_PATHS = (
					"$(inherited)",
					"@executable_path/Frameworks",
				);
				MARKETING_VERSION = 1.0;
				PRODUCT_BUNDLE_IDENTIFIER = com.Kaldin.FinanceApp;
				PRODUCT_NAME = "$(TARGET_NAME)";
				SWIFT_EMIT_LOC_STRINGS = YES;
				SWIFT_VERSION = 5.0;
				TARGETED_DEVICE_FAMILY = "1,2";
			};
			name = Debug;
		};
		3D5F82952DC8D8FC0082B233 /* Release */ = {
			isa = XCBuildConfiguration;
			buildSettings = {
				ASSETCATALOG_COMPILER_APPICON_NAME = AppIcon;
				ASSETCATALOG_COMPILER_GLOBAL_ACCENT_COLOR_NAME = AccentColor;
				CODE_SIGN_STYLE = Automatic;
				CURRENT_PROJECT_VERSION = 1;
				DEVELOPMENT_ASSET_PATHS = "\"FinanceApp/Preview Content\"";
				DEVELOPMENT_TEAM = 84ZJZTFURV;
				ENABLE_PREVIEWS = YES;
				GENERATE_INFOPLIST_FILE = YES;
				INFOPLIST_KEY_UIApplicationSceneManifest_Generation = YES;
				INFOPLIST_KEY_UIApplicationSupportsIndirectInputEvents = YES;
				INFOPLIST_KEY_UILaunchScreen_Generation = YES;
				INFOPLIST_KEY_UISupportedInterfaceOrientations_iPad = "UIInterfaceOrientationPortrait UIInterfaceOrientationPortraitUpsideDown UIInterfaceOrientationLandscapeLeft UIInterfaceOrientationLandscapeRight";
				INFOPLIST_KEY_UISupportedInterfaceOrientations_iPhone = "UIInterfaceOrientationPortrait UIInterfaceOrientationLandscapeLeft UIInterfaceOrientationLandscapeRight";
				LD_RUNPATH_SEARCH_PATHS = (
					"$(inherited)",
					"@executable_path/Frameworks",
				);
				MARKETING_VERSION = 1.0;
				PRODUCT_BUNDLE_IDENTIFIER = com.Kaldin.FinanceApp;
				PRODUCT_NAME = "$(TARGET_NAME)";
				SWIFT_EMIT_LOC_STRINGS = YES;
				SWIFT_VERSION = 5.0;
				TARGETED_DEVICE_FAMILY = "1,2";
			};
			name = Release;
		};
		3D5F82972DC8D8FC0082B233 /* Debug */ = {
			isa = XCBuildConfiguration;
			buildSettings = {
				BUNDLE_LOADER = "$(TEST_HOST)";
				CODE_SIGN_STYLE = Automatic;
				CURRENT_PROJECT_VERSION = 1;
				DEVELOPMENT_TEAM = 84ZJZTFURV;
				GENERATE_INFOPLIST_FILE = YES;
				IPHONEOS_DEPLOYMENT_TARGET = 18.2;
				MARKETING_VERSION = 1.0;
				PRODUCT_BUNDLE_IDENTIFIER = com.Kaldin.FinanceAppTests;
				PRODUCT_NAME = "$(TARGET_NAME)";
				SWIFT_EMIT_LOC_STRINGS = NO;
				SWIFT_VERSION = 5.0;
				TARGETED_DEVICE_FAMILY = "1,2";
				TEST_HOST = "$(BUILT_PRODUCTS_DIR)/FinanceApp.app/$(BUNDLE_EXECUTABLE_FOLDER_PATH)/FinanceApp";
			};
			name = Debug;
		};
		3D5F82982DC8D8FC0082B233 /* Release */ = {
			isa = XCBuildConfiguration;
			buildSettings = {
				BUNDLE_LOADER = "$(TEST_HOST)";
				CODE_SIGN_STYLE = Automatic;
				CURRENT_PROJECT_VERSION = 1;
				DEVELOPMENT_TEAM = 84ZJZTFURV;
				GENERATE_INFOPLIST_FILE = YES;
				IPHONEOS_DEPLOYMENT_TARGET = 18.2;
				MARKETING_VERSION = 1.0;
				PRODUCT_BUNDLE_IDENTIFIER = com.Kaldin.FinanceAppTests;
				PRODUCT_NAME = "$(TARGET_NAME)";
				SWIFT_EMIT_LOC_STRINGS = NO;
				SWIFT_VERSION = 5.0;
				TARGETED_DEVICE_FAMILY = "1,2";
				TEST_HOST = "$(BUILT_PRODUCTS_DIR)/FinanceApp.app/$(BUNDLE_EXECUTABLE_FOLDER_PATH)/FinanceApp";
			};
			name = Release;
		};
		3D5F829A2DC8D8FC0082B233 /* Debug */ = {
			isa = XCBuildConfiguration;
			buildSettings = {
				CODE_SIGN_STYLE = Automatic;
				CURRENT_PROJECT_VERSION = 1;
				DEVELOPMENT_TEAM = 84ZJZTFURV;
				GENERATE_INFOPLIST_FILE = YES;
				MARKETING_VERSION = 1.0;
				PRODUCT_BUNDLE_IDENTIFIER = com.Kaldin.FinanceAppUITests;
				PRODUCT_NAME = "$(TARGET_NAME)";
				SWIFT_EMIT_LOC_STRINGS = NO;
				SWIFT_VERSION = 5.0;
				TARGETED_DEVICE_FAMILY = "1,2";
				TEST_TARGET_NAME = FinanceApp;
			};
			name = Debug;
		};
		3D5F829B2DC8D8FC0082B233 /* Release */ = {
			isa = XCBuildConfiguration;
			buildSettings = {
				CODE_SIGN_STYLE = Automatic;
				CURRENT_PROJECT_VERSION = 1;
				DEVELOPMENT_TEAM = 84ZJZTFURV;
				GENERATE_INFOPLIST_FILE = YES;
				MARKETING_VERSION = 1.0;
				PRODUCT_BUNDLE_IDENTIFIER = com.Kaldin.FinanceAppUITests;
				PRODUCT_NAME = "$(TARGET_NAME)";
				SWIFT_EMIT_LOC_STRINGS = NO;
				SWIFT_VERSION = 5.0;
				TARGETED_DEVICE_FAMILY = "1,2";
				TEST_TARGET_NAME = FinanceApp;
			};
			name = Release;
		};
/* End XCBuildConfiguration section */

/* Begin XCConfigurationList section */
		3D5F82682DC8D8FC0082B233 /* Build configuration list for PBXProject "FinanceApp" */ = {
			isa = XCConfigurationList;
			buildConfigurations = (
				3D5F82912DC8D8FC0082B233 /* Debug */,
				3D5F82922DC8D8FC0082B233 /* Release */,
			);
			defaultConfigurationIsVisible = 0;
			defaultConfigurationName = Release;
		};
		3D5F82932DC8D8FC0082B233 /* Build configuration list for PBXNativeTarget "FinanceApp" */ = {
			isa = XCConfigurationList;
			buildConfigurations = (
				3D5F82942DC8D8FC0082B233 /* Debug */,
				3D5F82952DC8D8FC0082B233 /* Release */,
			);
			defaultConfigurationIsVisible = 0;
			defaultConfigurationName = Release;
		};
		3D5F82962DC8D8FC0082B233 /* Build configuration list for PBXNativeTarget "FinanceAppTests" */ = {
			isa = XCConfigurationList;
			buildConfigurations = (
				3D5F82972DC8D8FC0082B233 /* Debug */,
				3D5F82982DC8D8FC0082B233 /* Release */,
			);
			defaultConfigurationIsVisible = 0;
			defaultConfigurationName = Release;
		};
		3D5F82992DC8D8FC0082B233 /* Build configuration list for PBXNativeTarget "FinanceAppUITests" */ = {
			isa = XCConfigurationList;
			buildConfigurations = (
				3D5F829A2DC8D8FC0082B233 /* Debug */,
				3D5F829B2DC8D8FC0082B233 /* Release */,
			);
			defaultConfigurationIsVisible = 0;
			defaultConfigurationName = Release;
		};
/* End XCConfigurationList section */
	};
	rootObject = 3D5F82652DC8D8FC0082B233 /* Project object */;
}
